{
  "name": "react-native-sortable-list-expo51",
  "version": "0.0.1",
  "lockfileVersion": 3,
  "requires": true,
  "packages": {
    "": {
      "name": "react-native-sortable-list-expo51",
      "version": "0.0.1",
      "license": "MIT",
      "dependencies": {
        "deprecated-react-native-prop-types": "^5.0.0"
      }
    },
    "@react-native/normalize-colors": {
      "version": "0.73.2",
      "resolved": "https://registry.npmjs.org/@react-native/normalize-colors/-/normalize-colors-0.73.2.tgz",
      "integrity": "sha512-bRBcb2T+I88aG74LMVHaKms2p/T8aQd8+BZ7LuuzXlRfog1bMWWn/C5i0HVuvW4RPtXQYgIlGiXVDy9Ir1So/w==",
      "license": "MIT"
    },
    "deprecated-react-native-prop-types": {
      "version": "5.0.0",
      "resolved": "https://registry.npmjs.org/deprecated-react-native-prop-types/-/deprecated-react-native-prop-types-5.0.0.tgz",
      "integrity": "sha512-cIK8KYiiGVOFsKdPMmm1L3tA/Gl+JopXL6F5+C7x39MyPsQYnP57Im/D6bNUzcborD7fcMwiwZqcBdBXXZucYQ==",
      "license": "MIT",
      "dependencies": {
        "@react-native/normalize-colors": "^0.73.0",
        "invariant": "^2.2.4",
        "prop-types": "^15.8.1"
      },
      "engines": {
        "node": ">=18"
      }
    },
    "invariant": {
      "version": "2.2.4",
      "resolved": "https://registry.npmjs.org/invariant/-/invariant-2.2.4.tgz",
      "integrity": "sha512-phJfQVBuaJM5raOpJjSfkiD6BpbCE4Ns//LaXl6wGYtUBY83nWS6Rf9tXm2e8VaK60JEjYldbPif/A2B1C2gNA==",
      "license": "MIT",
      "dependencies": {
        "loose-envify": "^1.0.0"
      }
    },
    "js-tokens": {
      "version": "4.0.0",
      "resolved": "https://registry.npmjs.org/js-tokens/-/js-tokens-4.0.0.tgz",
      "integrity": "sha512-RdJUflcE3cUzKiMqQgsCu06FPu9UdIJO0beYbPhHN4k6apgJtifcoCtT9bcxOpYBtpD2kCM6Sbzg4CausW/PKQ=="
    },
    "loose-envify": {
      "version": "1.4.0",
      "resolved": "https://registry.npmjs.org/loose-envify/-/loose-envify-1.4.0.tgz",
      "integrity": "sha512-lyuxPGr/Wfhrlem2CL/UcnUc1zcqKAImBDzukY7Y5F/yQiNdko6+fRLevlw1HgMySw7f611UIY408EtxRSoK3Q==",
      "dependencies": {
        "js-tokens": "^3.0.0 || ^4.0.0"
      },
      "bin": {
        "loose-envify": "cli.js"
      }
    },
    "object-assign": {
      "version": "4.1.1",
      "resolved": "https://registry.npmjs.org/object-assign/-/object-assign-4.1.1.tgz",
      "integrity": "sha1-IQmtx5ZYh8/AXLvUQsrIv7s2CGM=",
      "engines": {
        "node": ">=0.10.0"
      }
    },
    "prop-types": {
      "version": "15.8.1",
      "resolved": "https://registry.npmjs.org/prop-types/-/prop-types-15.8.1.tgz",
      "integrity": "sha512-oj87CgZICdulUohogVAR7AjlC0327U4el4L6eAvOqCeudMDVU0NThNaV+b9Df4dXgSP1gXMTnPdhfe/2qDH5cg==",
      "license": "MIT",
      "dependencies": {
        "loose-envify": "^1.4.0",
        "object-assign": "^4.1.1",
        "react-is": "^16.13.1"
      }
    },
    "react-is": {
      "version": "16.13.1",
      "resolved": "https://registry.npmjs.org/react-is/-/react-is-16.13.1.tgz",
      "integrity": "sha512-24e6ynE2H+OKt4kqsOvNd8kBpV65zoxbA4BVsEOB3ARVWQki/DHzaUoC5KuON/BiccDaCCTZBuOcfZs70kR8bQ=="
    }
  }
}
